
Microsoft Visual Studio Solution File, Format Version 12.00
# Visual Studio Version 17
VisualStudioVersion = 17.2.32616.157
MinimumVisualStudioVersion = 10.0.40219.1
Project("{FAE04EC0-301F-11D3-BF4B-00C04F79EFBC}") = "WinFormsApp2", "WinFormsApp2\WinFormsApp2.csproj", "{998BCFA6-C0F9-4F0B-9E2F-FEA0C8C1E729}"
EndProject
Global
	GlobalSection(SolutionConfigurationPlatforms) = preSolution
		Debug|Any CPU = Debug|Any CPU
		Release|Any CPU = Release|Any CPU
	EndGlobalSection
	GlobalSection(ProjectConfigurationPlatforms) = postSolution
		{998BCFA6-C0F9-4F0B-9E2F-FEA0C8C1E729}.Debug|Any CPU.ActiveCfg = Debug|Any CPU
		{998BCFA6-C0F9-4F0B-9E2F-FEA0C8C1E729}.Debug|Any CPU.Build.0 = Debug|Any CPU
		{998BCFA6-C0F9-4F0B-9E2F-FEA0C8C1E729}.Release|Any CPU.ActiveCfg = Release|Any CPU
		{998BCFA6-C0F9-4F0B-9E2F-FEA0C8C1E729}.Release|Any CPU.Build.0 = Release|Any CPU
	EndGlobalSection
	GlobalSection(SolutionProperties) = preSolution
		HideSolutionNode = FALSE
	EndGlobalSection
	GlobalSection(ExtensibilityGlobals) = postSolution
		SolutionGuid = {7B6FDA12-A35C-4977-81B3-72FFCFABE004}
	EndGlobalSection
EndGlobal
